
Microsoft Visual Studio Solution File, Format Version 12.00
# Visual Studio Version 16
VisualStudioVersion = 16.0.31112.23
MinimumVisualStudioVersion = 10.0.40219.1
Project("{FAE04EC0-301F-11D3-BF4B-00C04F79EFBC}") = "AWS_S3_2", "AWS_S3_2\AWS_S3_2.csproj", "{D0C1D03A-54CE-4F92-8B06-01C6E62903E0}"
EndProject
Global
	GlobalSection(SolutionConfigurationPlatforms) = preSolution
		Debug|Any CPU = Debug|Any CPU
		Release|Any CPU = Release|Any CPU
	EndGlobalSection
	GlobalSection(ProjectConfigurationPlatforms) = postSolution
		{D0C1D03A-54CE-4F92-8B06-01C6E62903E0}.Debug|Any CPU.ActiveCfg = Debug|Any CPU
		{D0C1D03A-54CE-4F92-8B06-01C6E62903E0}.Debug|Any CPU.Build.0 = Debug|Any CPU
		{D0C1D03A-54CE-4F92-8B06-01C6E62903E0}.Release|Any CPU.ActiveCfg = Release|Any CPU
		{D0C1D03A-54CE-4F92-8B06-01C6E62903E0}.Release|Any CPU.Build.0 = Release|Any CPU
	EndGlobalSection
	GlobalSection(SolutionProperties) = preSolution
		HideSolutionNode = FALSE
	EndGlobalSection
	GlobalSection(ExtensibilityGlobals) = postSolution
		SolutionGuid = {A388F5F8-F336-44C1-8106-403F428DFB0A}
	EndGlobalSection
EndGlobal
